
Microsoft Visual Studio Solution File, Format Version 12.00
# Visual Studio Version 16
VisualStudioVersion = 16.0.31019.35
MinimumVisualStudioVersion = 10.0.40219.1
Project("{9A19103F-16F7-4668-BE54-9A1E7A4F7556}") = "ChatBot", "ChatBot\ChatBot.csproj", "{DE1A78D4-E0C6-4F59-B724-1B1E87F5BDB2}"
EndProject
Project("{9A19103F-16F7-4668-BE54-9A1E7A4F7556}") = "ChatBotServer", "ChatBotServer\ChatBotServer.csproj", "{2F6B76B9-7C35-4CAB-B754-C2D72237C353}"
EndProject
Project("{FAE04EC0-301F-11D3-BF4B-00C04F79EFBC}") = "ClientServerCommon", "ClientServerCommon\ClientServerCommon.csproj", "{BE92DFC9-FA45-43A9-8BA0-965C8E9A55EE}"
EndProject
Global
	GlobalSection(SolutionConfigurationPlatforms) = preSolution
		Debug|Any CPU = Debug|Any CPU
		Release|Any CPU = Release|Any CPU
	EndGlobalSection
	GlobalSection(ProjectConfigurationPlatforms) = postSolution
		{DE1A78D4-E0C6-4F59-B724-1B1E87F5BDB2}.Debug|Any CPU.ActiveCfg = Debug|Any CPU
		{DE1A78D4-E0C6-4F59-B724-1B1E87F5BDB2}.Debug|Any CPU.Build.0 = Debug|Any CPU
		{DE1A78D4-E0C6-4F59-B724-1B1E87F5BDB2}.Release|Any CPU.ActiveCfg = Release|Any CPU
		{DE1A78D4-E0C6-4F59-B724-1B1E87F5BDB2}.Release|Any CPU.Build.0 = Release|Any CPU
		{2F6B76B9-7C35-4CAB-B754-C2D72237C353}.Debug|Any CPU.ActiveCfg = Debug|Any CPU
		{2F6B76B9-7C35-4CAB-B754-C2D72237C353}.Debug|Any CPU.Build.0 = Debug|Any CPU
		{2F6B76B9-7C35-4CAB-B754-C2D72237C353}.Release|Any CPU.ActiveCfg = Release|Any CPU
		{2F6B76B9-7C35-4CAB-B754-C2D72237C353}.Release|Any CPU.Build.0 = Release|Any CPU
		{BE92DFC9-FA45-43A9-8BA0-965C8E9A55EE}.Debug|Any CPU.ActiveCfg = Debug|Any CPU
		{BE92DFC9-FA45-43A9-8BA0-965C8E9A55EE}.Debug|Any CPU.Build.0 = Debug|Any CPU
		{BE92DFC9-FA45-43A9-8BA0-965C8E9A55EE}.Release|Any CPU.ActiveCfg = Release|Any CPU
		{BE92DFC9-FA45-43A9-8BA0-965C8E9A55EE}.Release|Any CPU.Build.0 = Release|Any CPU
	EndGlobalSection
	GlobalSection(SolutionProperties) = preSolution
		HideSolutionNode = FALSE
	EndGlobalSection
	GlobalSection(ExtensibilityGlobals) = postSolution
		SolutionGuid = {CD70568C-88D8-4094-996A-9270EBE73E78}
	EndGlobalSection
EndGlobal
